
Microsoft Visual Studio Solution File, Format Version 12.00
# Visual Studio Version 16
VisualStudioVersion = 16.0.31911.196
MinimumVisualStudioVersion = 10.0.40219.1
Project("{FAE04EC0-301F-11D3-BF4B-00C04F79EFBC}") = "Arrays_Lab", "Arrays_Lab\Arrays_Lab.csproj", "{B019BCF7-33D6-4578-AA74-C9F886DF2DD3}"
EndProject
Global
	GlobalSection(SolutionConfigurationPlatforms) = preSolution
		Debug|Any CPU = Debug|Any CPU
		Release|Any CPU = Release|Any CPU
	EndGlobalSection
	GlobalSection(ProjectConfigurationPlatforms) = postSolution
		{B019BCF7-33D6-4578-AA74-C9F886DF2DD3}.Debug|Any CPU.ActiveCfg = Debug|Any CPU
		{B019BCF7-33D6-4578-AA74-C9F886DF2DD3}.Debug|Any CPU.Build.0 = Debug|Any CPU
		{B019BCF7-33D6-4578-AA74-C9F886DF2DD3}.Release|Any CPU.ActiveCfg = Release|Any CPU
		{B019BCF7-33D6-4578-AA74-C9F886DF2DD3}.Release|Any CPU.Build.0 = Release|Any CPU
	EndGlobalSection
	GlobalSection(SolutionProperties) = preSolution
		HideSolutionNode = FALSE
	EndGlobalSection
	GlobalSection(ExtensibilityGlobals) = postSolution
		SolutionGuid = {95FE6C37-B4FA-4674-8EF5-68679ED421D1}
	EndGlobalSection
EndGlobal
