
Microsoft Visual Studio Solution File, Format Version 12.00
# Visual Studio Version 16
VisualStudioVersion = 16.0.31911.196
MinimumVisualStudioVersion = 10.0.40219.1
Project("{FAE04EC0-301F-11D3-BF4B-00C04F79EFBC}") = "DataTypesAndVars_ex", "DataTypesAndVars_ex\DataTypesAndVars_ex.csproj", "{C147FAE1-D1E5-453E-84DA-297B3A8D5390}"
EndProject
Project("{FAE04EC0-301F-11D3-BF4B-00C04F79EFBC}") = "SumDigits", "SumDigits\SumDigits.csproj", "{5BBAEFA0-ACEE-47D5-B0FB-B8FE38D93064}"
EndProject
Project("{FAE04EC0-301F-11D3-BF4B-00C04F79EFBC}") = "Elevator", "Elevator\Elevator.csproj", "{520A8FBF-04CA-4EC4-8B1F-B218837F4E26}"
EndProject
Project("{FAE04EC0-301F-11D3-BF4B-00C04F79EFBC}") = "SumOfChars", "SumOfChars\SumOfChars.csproj", "{03591DA8-194D-466F-8B17-599EF0F70B7B}"
EndProject
Project("{FAE04EC0-301F-11D3-BF4B-00C04F79EFBC}") = "ASCIItable", "ASCIItable\ASCIItable.csproj", "{923FFFA4-4892-4D4B-9383-0ADBDD5148CF}"
EndProject
Global
	GlobalSection(SolutionConfigurationPlatforms) = preSolution
		Debug|Any CPU = Debug|Any CPU
		Release|Any CPU = Release|Any CPU
	EndGlobalSection
	GlobalSection(ProjectConfigurationPlatforms) = postSolution
		{C147FAE1-D1E5-453E-84DA-297B3A8D5390}.Debug|Any CPU.ActiveCfg = Debug|Any CPU
		{C147FAE1-D1E5-453E-84DA-297B3A8D5390}.Debug|Any CPU.Build.0 = Debug|Any CPU
		{C147FAE1-D1E5-453E-84DA-297B3A8D5390}.Release|Any CPU.ActiveCfg = Release|Any CPU
		{C147FAE1-D1E5-453E-84DA-297B3A8D5390}.Release|Any CPU.Build.0 = Release|Any CPU
		{5BBAEFA0-ACEE-47D5-B0FB-B8FE38D93064}.Debug|Any CPU.ActiveCfg = Debug|Any CPU
		{5BBAEFA0-ACEE-47D5-B0FB-B8FE38D93064}.Debug|Any CPU.Build.0 = Debug|Any CPU
		{5BBAEFA0-ACEE-47D5-B0FB-B8FE38D93064}.Release|Any CPU.ActiveCfg = Release|Any CPU
		{5BBAEFA0-ACEE-47D5-B0FB-B8FE38D93064}.Release|Any CPU.Build.0 = Release|Any CPU
		{520A8FBF-04CA-4EC4-8B1F-B218837F4E26}.Debug|Any CPU.ActiveCfg = Debug|Any CPU
		{520A8FBF-04CA-4EC4-8B1F-B218837F4E26}.Debug|Any CPU.Build.0 = Debug|Any CPU
		{520A8FBF-04CA-4EC4-8B1F-B218837F4E26}.Release|Any CPU.ActiveCfg = Release|Any CPU
		{520A8FBF-04CA-4EC4-8B1F-B218837F4E26}.Release|Any CPU.Build.0 = Release|Any CPU
		{03591DA8-194D-466F-8B17-599EF0F70B7B}.Debug|Any CPU.ActiveCfg = Debug|Any CPU
		{03591DA8-194D-466F-8B17-599EF0F70B7B}.Debug|Any CPU.Build.0 = Debug|Any CPU
		{03591DA8-194D-466F-8B17-599EF0F70B7B}.Release|Any CPU.ActiveCfg = Release|Any CPU
		{03591DA8-194D-466F-8B17-599EF0F70B7B}.Release|Any CPU.Build.0 = Release|Any CPU
		{923FFFA4-4892-4D4B-9383-0ADBDD5148CF}.Debug|Any CPU.ActiveCfg = Debug|Any CPU
		{923FFFA4-4892-4D4B-9383-0ADBDD5148CF}.Debug|Any CPU.Build.0 = Debug|Any CPU
		{923FFFA4-4892-4D4B-9383-0ADBDD5148CF}.Release|Any CPU.ActiveCfg = Release|Any CPU
		{923FFFA4-4892-4D4B-9383-0ADBDD5148CF}.Release|Any CPU.Build.0 = Release|Any CPU
	EndGlobalSection
	GlobalSection(SolutionProperties) = preSolution
		HideSolutionNode = FALSE
	EndGlobalSection
	GlobalSection(ExtensibilityGlobals) = postSolution
		SolutionGuid = {1214490D-62D3-4D30-9AA1-0C61053C2BDA}
	EndGlobalSection
EndGlobal
