
Microsoft Visual Studio Solution File, Format Version 12.00
# Visual Studio Version 16
VisualStudioVersion = 16.0.31911.196
MinimumVisualStudioVersion = 10.0.40219.1
Project("{FAE04EC0-301F-11D3-BF4B-00C04F79EFBC}") = "MetersToKilo", "MetersToKilo\MetersToKilo.csproj", "{88F8F877-1EB1-48E0-B799-2AB712EF1376}"
EndProject
Global
	GlobalSection(SolutionConfigurationPlatforms) = preSolution
		Debug|Any CPU = Debug|Any CPU
		Release|Any CPU = Release|Any CPU
	EndGlobalSection
	GlobalSection(ProjectConfigurationPlatforms) = postSolution
		{88F8F877-1EB1-48E0-B799-2AB712EF1376}.Debug|Any CPU.ActiveCfg = Debug|Any CPU
		{88F8F877-1EB1-48E0-B799-2AB712EF1376}.Debug|Any CPU.Build.0 = Debug|Any CPU
		{88F8F877-1EB1-48E0-B799-2AB712EF1376}.Release|Any CPU.ActiveCfg = Release|Any CPU
		{88F8F877-1EB1-48E0-B799-2AB712EF1376}.Release|Any CPU.Build.0 = Release|Any CPU
	EndGlobalSection
	GlobalSection(SolutionProperties) = preSolution
		HideSolutionNode = FALSE
	EndGlobalSection
	GlobalSection(ExtensibilityGlobals) = postSolution
		SolutionGuid = {A5BE910F-CE87-4491-B22D-7FD670A43A3A}
	EndGlobalSection
EndGlobal
